
Microsoft Visual Studio Solution File, Format Version 12.00
# Visual Studio Version 17
VisualStudioVersion = 17.9.34321.82
MinimumVisualStudioVersion = 10.0.40219.1
Project("{FAE04EC0-301F-11D3-BF4B-00C04F79EFBC}") = "ExceptionHandling", "ExceptionHandling\ExceptionHandling.csproj", "{B511C276-2E96-4EB6-A3DD-4BBD480F7734}"
EndProject
Project("{FAE04EC0-301F-11D3-BF4B-00C04F79EFBC}") = "ATMSimulyasiya", "..\ATMSimulyasiya\ATMSimulyasiya.csproj", "{A09037B4-B0C1-4E76-84A2-BB195E083036}"
EndProject
Global
	GlobalSection(SolutionConfigurationPlatforms) = preSolution
		Debug|Any CPU = Debug|Any CPU
		Release|Any CPU = Release|Any CPU
	EndGlobalSection
	GlobalSection(ProjectConfigurationPlatforms) = postSolution
		{B511C276-2E96-4EB6-A3DD-4BBD480F7734}.Debug|Any CPU.ActiveCfg = Debug|Any CPU
		{B511C276-2E96-4EB6-A3DD-4BBD480F7734}.Debug|Any CPU.Build.0 = Debug|Any CPU
		{B511C276-2E96-4EB6-A3DD-4BBD480F7734}.Release|Any CPU.ActiveCfg = Release|Any CPU
		{B511C276-2E96-4EB6-A3DD-4BBD480F7734}.Release|Any CPU.Build.0 = Release|Any CPU
		{A09037B4-B0C1-4E76-84A2-BB195E083036}.Debug|Any CPU.ActiveCfg = Debug|Any CPU
		{A09037B4-B0C1-4E76-84A2-BB195E083036}.Debug|Any CPU.Build.0 = Debug|Any CPU
		{A09037B4-B0C1-4E76-84A2-BB195E083036}.Release|Any CPU.ActiveCfg = Release|Any CPU
		{A09037B4-B0C1-4E76-84A2-BB195E083036}.Release|Any CPU.Build.0 = Release|Any CPU
	EndGlobalSection
	GlobalSection(SolutionProperties) = preSolution
		HideSolutionNode = FALSE
	EndGlobalSection
	GlobalSection(ExtensibilityGlobals) = postSolution
		SolutionGuid = {D832BBDA-4DE9-48A7-BA29-ADCC05BF5105}
	EndGlobalSection
EndGlobal
