
Microsoft Visual Studio Solution File, Format Version 12.00
# Visual Studio Version 17
VisualStudioVersion = 17.9.34321.82
MinimumVisualStudioVersion = 10.0.40219.1
Project("{FAE04EC0-301F-11D3-BF4B-00C04F79EFBC}") = "Lesson8", "Lesson8\Lesson8.csproj", "{85E49549-7337-498B-9BFC-69514648DC9B}"
EndProject
Project("{FAE04EC0-301F-11D3-BF4B-00C04F79EFBC}") = "MyNuget", "MyNuget\MyNuget.csproj", "{B17D6382-CDE1-40AA-A328-9122FBE3B3A2}"
EndProject
Global
	GlobalSection(SolutionConfigurationPlatforms) = preSolution
		Debug|Any CPU = Debug|Any CPU
		Release|Any CPU = Release|Any CPU
	EndGlobalSection
	GlobalSection(ProjectConfigurationPlatforms) = postSolution
		{85E49549-7337-498B-9BFC-69514648DC9B}.Debug|Any CPU.ActiveCfg = Debug|Any CPU
		{85E49549-7337-498B-9BFC-69514648DC9B}.Debug|Any CPU.Build.0 = Debug|Any CPU
		{85E49549-7337-498B-9BFC-69514648DC9B}.Release|Any CPU.ActiveCfg = Release|Any CPU
		{85E49549-7337-498B-9BFC-69514648DC9B}.Release|Any CPU.Build.0 = Release|Any CPU
		{B17D6382-CDE1-40AA-A328-9122FBE3B3A2}.Debug|Any CPU.ActiveCfg = Debug|Any CPU
		{B17D6382-CDE1-40AA-A328-9122FBE3B3A2}.Debug|Any CPU.Build.0 = Debug|Any CPU
		{B17D6382-CDE1-40AA-A328-9122FBE3B3A2}.Release|Any CPU.ActiveCfg = Release|Any CPU
		{B17D6382-CDE1-40AA-A328-9122FBE3B3A2}.Release|Any CPU.Build.0 = Release|Any CPU
	EndGlobalSection
	GlobalSection(SolutionProperties) = preSolution
		HideSolutionNode = FALSE
	EndGlobalSection
	GlobalSection(ExtensibilityGlobals) = postSolution
		SolutionGuid = {DADB4793-D7C2-4867-97B4-347B573222A9}
	EndGlobalSection
EndGlobal
