
Microsoft Visual Studio Solution File, Format Version 12.00
# Visual Studio Version 17
VisualStudioVersion = 17.9.34321.82
MinimumVisualStudioVersion = 10.0.40219.1
Project("{FAE04EC0-301F-11D3-BF4B-00C04F79EFBC}") = "Lesson10", "Lesson10\Lesson10.csproj", "{CFE6CCA0-DF98-4FEF-8E90-24E8C129C587}"
EndProject
Project("{FAE04EC0-301F-11D3-BF4B-00C04F79EFBC}") = "StudentProject", "StudentProject\StudentProject.csproj", "{0D240A4E-A9C2-4B33-B0B4-EA60DBCBBDEB}"
EndProject
Global
	GlobalSection(SolutionConfigurationPlatforms) = preSolution
		Debug|Any CPU = Debug|Any CPU
		Release|Any CPU = Release|Any CPU
	EndGlobalSection
	GlobalSection(ProjectConfigurationPlatforms) = postSolution
		{CFE6CCA0-DF98-4FEF-8E90-24E8C129C587}.Debug|Any CPU.ActiveCfg = Debug|Any CPU
		{CFE6CCA0-DF98-4FEF-8E90-24E8C129C587}.Debug|Any CPU.Build.0 = Debug|Any CPU
		{CFE6CCA0-DF98-4FEF-8E90-24E8C129C587}.Release|Any CPU.ActiveCfg = Release|Any CPU
		{CFE6CCA0-DF98-4FEF-8E90-24E8C129C587}.Release|Any CPU.Build.0 = Release|Any CPU
		{0D240A4E-A9C2-4B33-B0B4-EA60DBCBBDEB}.Debug|Any CPU.ActiveCfg = Debug|Any CPU
		{0D240A4E-A9C2-4B33-B0B4-EA60DBCBBDEB}.Debug|Any CPU.Build.0 = Debug|Any CPU
		{0D240A4E-A9C2-4B33-B0B4-EA60DBCBBDEB}.Release|Any CPU.ActiveCfg = Release|Any CPU
		{0D240A4E-A9C2-4B33-B0B4-EA60DBCBBDEB}.Release|Any CPU.Build.0 = Release|Any CPU
	EndGlobalSection
	GlobalSection(SolutionProperties) = preSolution
		HideSolutionNode = FALSE
	EndGlobalSection
	GlobalSection(ExtensibilityGlobals) = postSolution
		SolutionGuid = {B4EF2F4A-1E7D-4CFF-8EAA-F1487B62AC0D}
	EndGlobalSection
EndGlobal
